// !$*UTF8*$!
{
	archiveVersion = 1;
	classes = {
	};
	objectVersion = 50;
	objects = {

/* Begin PBXBuildFile section */
		1973A96F265351BF000CD998 /* LinkedList.swift in Sources */ = {isa = PBXBuildFile; fileRef = 1973A96E265351BF000CD998 /* LinkedList.swift */; };
		6B1CCB2325ECBB5700890E73 /* Stack.swift in Sources */ = {isa = PBXBuildFile; fileRef = 6B1CCB2225ECBB5700890E73 /* Stack.swift */; };
		6B317EC525ABE19900B2B5A7 /* main.swift in Sources */ = {isa = PBXBuildFile; fileRef = 6B317EC425ABE19900B2B5A7 /* main.swift */; };
		6B317ECE25ABE1E600B2B5A7 /* Greedy.swift in Sources */ = {isa = PBXBuildFile; fileRef = 6B317ECD25ABE1E600B2B5A7 /* Greedy.swift */; };
		6B67185025CCC64D003DFEEC /* Array.swift in Sources */ = {isa = PBXBuildFile; fileRef = 6B67184F25CCC64D003DFEEC /* Array.swift */; };
		6B78FFBA25AC7CD4006BBFC2 /* String.swift in Sources */ = {isa = PBXBuildFile; fileRef = 6B78FFB925AC7CD4006BBFC2 /* String.swift */; };
		6BB99A26262718D100FBFCDA /* BackTracking.swift in Sources */ = {isa = PBXBuildFile; fileRef = 6BB99A25262718D100FBFCDA /* BackTracking.swift */; };
		6BC907BC263134920075E1A6 /* Bit.swift in Sources */ = {isa = PBXBuildFile; fileRef = 6BC907BB263134920075E1A6 /* Bit.swift */; };
		6BE14B6B25B66217000A56BA /* DFS.swift in Sources */ = {isa = PBXBuildFile; fileRef = 6BE14B6A25B66217000A56BA /* DFS.swift */; };
		6BE3071325C8E2BB00DFBD03 /* DP.swift in Sources */ = {isa = PBXBuildFile; fileRef = 6BE3071225C8E2BB00DFBD03 /* DP.swift */; };
/* End PBXBuildFile section */

/* Begin PBXCopyFilesBuildPhase section */
		6B317EBF25ABE19900B2B5A7 /* CopyFiles */ = {
			isa = PBXCopyFilesBuildPhase;
			buildActionMask = 2147483647;
			dstPath = /usr/share/man/man1/;
			dstSubfolderSpec = 0;
			files = (
			);
			runOnlyForDeploymentPostprocessing = 1;
		};
/* End PBXCopyFilesBuildPhase section */

/* Begin PBXFileReference section */
		1973A96E265351BF000CD998 /* LinkedList.swift */ = {isa = PBXFileReference; lastKnownFileType = sourcecode.swift; path = LinkedList.swift; sourceTree = "<group>"; };
		6B1CCB2225ECBB5700890E73 /* Stack.swift */ = {isa = PBXFileReference; lastKnownFileType = sourcecode.swift; path = Stack.swift; sourceTree = "<group>"; };
		6B317EC125ABE19900B2B5A7 /* LeetCode */ = {isa = PBXFileReference; explicitFileType = "compiled.mach-o.executable"; includeInIndex = 0; path = LeetCode; sourceTree = BUILT_PRODUCTS_DIR; };
		6B317EC425ABE19900B2B5A7 /* main.swift */ = {isa = PBXFileReference; lastKnownFileType = sourcecode.swift; path = main.swift; sourceTree = "<group>"; };
		6B317ECD25ABE1E600B2B5A7 /* Greedy.swift */ = {isa = PBXFileReference; lastKnownFileType = sourcecode.swift; path = Greedy.swift; sourceTree = "<group>"; };
		6B67184F25CCC64D003DFEEC /* Array.swift */ = {isa = PBXFileReference; lastKnownFileType = sourcecode.swift; path = Array.swift; sourceTree = "<group>"; };
		6B78FFB925AC7CD4006BBFC2 /* String.swift */ = {isa = PBXFileReference; lastKnownFileType = sourcecode.swift; path = String.swift; sourceTree = "<group>"; };
		6BB99A25262718D100FBFCDA /* BackTracking.swift */ = {isa = PBXFileReference; lastKnownFileType = sourcecode.swift; path = BackTracking.swift; sourceTree = "<group>"; };
		6BC907BB263134920075E1A6 /* Bit.swift */ = {isa = PBXFileReference; lastKnownFileType = sourcecode.swift; path = Bit.swift; sourceTree = "<group>"; };
		6BE14B6A25B66217000A56BA /* DFS.swift */ = {isa = PBXFileReference; lastKnownFileType = sourcecode.swift; path = DFS.swift; sourceTree = "<group>"; };
		6BE3071225C8E2BB00DFBD03 /* DP.swift */ = {isa = PBXFileReference; lastKnownFileType = sourcecode.swift; path = DP.swift; sourceTree = "<group>"; };
/* End PBXFileReference section */

/* Begin PBXFrameworksBuildPhase section */
		6B317EBE25ABE19900B2B5A7 /* Frameworks */ = {
			isa = PBXFrameworksBuildPhase;
			buildActionMask = 2147483647;
			files = (
			);
			runOnlyForDeploymentPostprocessing = 0;
		};
/* End PBXFrameworksBuildPhase section */

/* Begin PBXGroup section */
		1973A96D265351B3000CD998 /* LinkedList */ = {
			isa = PBXGroup;
			children = (
				1973A96E265351BF000CD998 /* LinkedList.swift */,
			);
			path = LinkedList;
			sourceTree = "<group>";
		};
		6B1CCB2125ECBB4C00890E73 /* Stack */ = {
			isa = PBXGroup;
			children = (
				6B1CCB2225ECBB5700890E73 /* Stack.swift */,
			);
			path = Stack;
			sourceTree = "<group>";
		};
		6B317EB825ABE19900B2B5A7 = {
			isa = PBXGroup;
			children = (
				6B317EC325ABE19900B2B5A7 /* LeetCode */,
				6B317EC225ABE19900B2B5A7 /* Products */,
			);
			sourceTree = "<group>";
		};
		6B317EC225ABE19900B2B5A7 /* Products */ = {
			isa = PBXGroup;
			children = (
				6B317EC125ABE19900B2B5A7 /* LeetCode */,
			);
			name = Products;
			sourceTree = "<group>";
		};
		6B317EC325ABE19900B2B5A7 /* LeetCode */ = {
			isa = PBXGroup;
			children = (
				1973A96D265351B3000CD998 /* LinkedList */,
				6BC907BA2631348B0075E1A6 /* Bit */,
				6BB99A24262718C200FBFCDA /* Backtracking */,
				6B1CCB2125ECBB4C00890E73 /* Stack */,
				6B67184E25CCC641003DFEEC /* Array */,
				6BE3071125C8E2AF00DFBD03 /* DP */,
				6BE14B6925B66206000A56BA /* DFS */,
				6B78FFB825AC7CC4006BBFC2 /* String */,
				6B317ECC25ABE1C200B2B5A7 /* Greedy */,
				6B317EC425ABE19900B2B5A7 /* main.swift */,
			);
			path = LeetCode;
			sourceTree = "<group>";
		};
		6B317ECC25ABE1C200B2B5A7 /* Greedy */ = {
			isa = PBXGroup;
			children = (
				6B317ECD25ABE1E600B2B5A7 /* Greedy.swift */,
			);
			path = Greedy;
			sourceTree = "<group>";
		};
		6B67184E25CCC641003DFEEC /* Array */ = {
			isa = PBXGroup;
			children = (
				6B67184F25CCC64D003DFEEC /* Array.swift */,
			);
			path = Array;
			sourceTree = "<group>";
		};
		6B78FFB825AC7CC4006BBFC2 /* String */ = {
			isa = PBXGroup;
			children = (
				6B78FFB925AC7CD4006BBFC2 /* String.swift */,
			);
			path = String;
			sourceTree = "<group>";
		};
		6BB99A24262718C200FBFCDA /* Backtracking */ = {
			isa = PBXGroup;
			children = (
				6BB99A25262718D100FBFCDA /* BackTracking.swift */,
			);
			path = Backtracking;
			sourceTree = "<group>";
		};
		6BC907BA2631348B0075E1A6 /* Bit */ = {
			isa = PBXGroup;
			children = (
				6BC907BB263134920075E1A6 /* Bit.swift */,
			);
			path = Bit;
			sourceTree = "<group>";
		};
		6BE14B6925B66206000A56BA /* DFS */ = {
			isa = PBXGroup;
			children = (
				6BE14B6A25B66217000A56BA /* DFS.swift */,
			);
			path = DFS;
			sourceTree = "<group>";
		};
		6BE3071125C8E2AF00DFBD03 /* DP */ = {
			isa = PBXGroup;
			children = (
				6BE3071225C8E2BB00DFBD03 /* DP.swift */,
			);
			path = DP;
			sourceTree = "<group>";
		};
/* End PBXGroup section */

/* Begin PBXNativeTarget section */
		6B317EC025ABE19900B2B5A7 /* LeetCode */ = {
			isa = PBXNativeTarget;
			buildConfigurationList = 6B317EC825ABE19900B2B5A7 /* Build configuration list for PBXNativeTarget "LeetCode" */;
			buildPhases = (
				6B317EBD25ABE19900B2B5A7 /* Sources */,
				6B317EBE25ABE19900B2B5A7 /* Frameworks */,
				6B317EBF25ABE19900B2B5A7 /* CopyFiles */,
			);
			buildRules = (
			);
			dependencies = (
			);
			name = LeetCode;
			productName = LeedCode;
			productReference = 6B317EC125ABE19900B2B5A7 /* LeetCode */;
			productType = "com.apple.product-type.tool";
		};
/* End PBXNativeTarget section */

/* Begin PBXProject section */
		6B317EB925ABE19900B2B5A7 /* Project object */ = {
			isa = PBXProject;
			attributes = {
				LastSwiftUpdateCheck = 1220;
				LastUpgradeCheck = 1220;
				TargetAttributes = {
					6B317EC025ABE19900B2B5A7 = {
						CreatedOnToolsVersion = 12.2;
					};
				};
			};
			buildConfigurationList = 6B317EBC25ABE19900B2B5A7 /* Build configuration list for PBXProject "LeetCode" */;
			compatibilityVersion = "Xcode 9.3";
			developmentRegion = en;
			hasScannedForEncodings = 0;
			knownRegions = (
				en,
				Base,
			);
			mainGroup = 6B317EB825ABE19900B2B5A7;
			productRefGroup = 6B317EC225ABE19900B2B5A7 /* Products */;
			projectDirPath = "";
			projectRoot = "";
			targets = (
				6B317EC025ABE19900B2B5A7 /* LeetCode */,
			);
		};
/* End PBXProject section */

/* Begin PBXSourcesBuildPhase section */
		6B317EBD25ABE19900B2B5A7 /* Sources */ = {
			isa = PBXSourcesBuildPhase;
			buildActionMask = 2147483647;
			files = (
				6B78FFBA25AC7CD4006BBFC2 /* String.swift in Sources */,
				6BB99A26262718D100FBFCDA /* BackTracking.swift in Sources */,
				1973A96F265351BF000CD998 /* LinkedList.swift in Sources */,
				6BE14B6B25B66217000A56BA /* DFS.swift in Sources */,
				6B1CCB2325ECBB5700890E73 /* Stack.swift in Sources */,
				6B317ECE25ABE1E600B2B5A7 /* Greedy.swift in Sources */,
				6B67185025CCC64D003DFEEC /* Array.swift in Sources */,
				6BE3071325C8E2BB00DFBD03 /* DP.swift in Sources */,
				6BC907BC263134920075E1A6 /* Bit.swift in Sources */,
				6B317EC525ABE19900B2B5A7 /* main.swift in Sources */,
			);
			runOnlyForDeploymentPostprocessing = 0;
		};
/* End PBXSourcesBuildPhase section */

/* Begin XCBuildConfiguration section */
		6B317EC625ABE19900B2B5A7 /* Debug */ = {
			isa = XCBuildConfiguration;
			buildSettings = {
				ALWAYS_SEARCH_USER_PATHS = NO;
				CLANG_ANALYZER_NONNULL = YES;
				CLANG_ANALYZER_NUMBER_OBJECT_CONVERSION = YES_AGGRESSIVE;
				CLANG_CXX_LANGUAGE_STANDARD = "gnu++14";
				CLANG_CXX_LIBRARY = "libc++";
				CLANG_ENABLE_MODULES = YES;
				CLANG_ENABLE_OBJC_ARC = YES;
				CLANG_ENABLE_OBJC_WEAK = YES;
				CLANG_WARN_BLOCK_CAPTURE_AUTORELEASING = YES;
				CLANG_WARN_BOOL_CONVERSION = YES;
				CLANG_WARN_COMMA = YES;
				CLANG_WARN_CONSTANT_CONVERSION = YES;
				CLANG_WARN_DEPRECATED_OBJC_IMPLEMENTATIONS = YES;
				CLANG_WARN_DIRECT_OBJC_ISA_USAGE = YES_ERROR;
				CLANG_WARN_DOCUMENTATION_COMMENTS = YES;
				CLANG_WARN_EMPTY_BODY = YES;
				CLANG_WARN_ENUM_CONVERSION = YES;
				CLANG_WARN_INFINITE_RECURSION = YES;
				CLANG_WARN_INT_CONVERSION = YES;
				CLANG_WARN_NON_LITERAL_NULL_CONVERSION = YES;
				CLANG_WARN_OBJC_IMPLICIT_RETAIN_SELF = YES;
				CLANG_WARN_OBJC_LITERAL_CONVERSION = YES;
				CLANG_WARN_OBJC_ROOT_CLASS = YES_ERROR;
				CLANG_WARN_QUOTED_INCLUDE_IN_FRAMEWORK_HEADER = YES;
				CLANG_WARN_RANGE_LOOP_ANALYSIS = YES;
				CLANG_WARN_STRICT_PROTOTYPES = YES;
				CLANG_WARN_SUSPICIOUS_MOVE = YES;
				CLANG_WARN_UNGUARDED_AVAILABILITY = YES_AGGRESSIVE;
				CLANG_WARN_UNREACHABLE_CODE = YES;
				CLANG_WARN__DUPLICATE_METHOD_MATCH = YES;
				COPY_PHASE_STRIP = NO;
				DEBUG_INFORMATION_FORMAT = dwarf;
				ENABLE_STRICT_OBJC_MSGSEND = YES;
				ENABLE_TESTABILITY = YES;
				GCC_C_LANGUAGE_STANDARD = gnu11;
				GCC_DYNAMIC_NO_PIC = NO;
				GCC_NO_COMMON_BLOCKS = YES;
				GCC_OPTIMIZATION_LEVEL = 0;
				GCC_PREPROCESSOR_DEFINITIONS = (
					"DEBUG=1",
					"$(inherited)",
				);
				GCC_WARN_64_TO_32_BIT_CONVERSION = YES;
				GCC_WARN_ABOUT_RETURN_TYPE = YES_ERROR;
				GCC_WARN_UNDECLARED_SELECTOR = YES;
				GCC_WARN_UNINITIALIZED_AUTOS = YES_AGGRESSIVE;
				GCC_WARN_UNUSED_FUNCTION = YES;
				GCC_WARN_UNUSED_VARIABLE = YES;
				MACOSX_DEPLOYMENT_TARGET = 11.0;
				MTL_ENABLE_DEBUG_INFO = INCLUDE_SOURCE;
				MTL_FAST_MATH = YES;
				ONLY_ACTIVE_ARCH = YES;
				SDKROOT = macosx;
				SWIFT_ACTIVE_COMPILATION_CONDITIONS = DEBUG;
				SWIFT_OPTIMIZATION_LEVEL = "-Onone";
			};
			name = Debug;
		};
		6B317EC725ABE19900B2B5A7 /* Release */ = {
			isa = XCBuildConfiguration;
			buildSettings = {
				ALWAYS_SEARCH_USER_PATHS = NO;
				CLANG_ANALYZER_NONNULL = YES;
				CLANG_ANALYZER_NUMBER_OBJECT_CONVERSION = YES_AGGRESSIVE;
				CLANG_CXX_LANGUAGE_STANDARD = "gnu++14";
				CLANG_CXX_LIBRARY = "libc++";
				CLANG_ENABLE_MODULES = YES;
				CLANG_ENABLE_OBJC_ARC = YES;
				CLANG_ENABLE_OBJC_WEAK = YES;
				CLANG_WARN_BLOCK_CAPTURE_AUTORELEASING = YES;
				CLANG_WARN_BOOL_CONVERSION = YES;
				CLANG_WARN_COMMA = YES;
				CLANG_WARN_CONSTANT_CONVERSION = YES;
				CLANG_WARN_DEPRECATED_OBJC_IMPLEMENTATIONS = YES;
				CLANG_WARN_DIRECT_OBJC_ISA_USAGE = YES_ERROR;
				CLANG_WARN_DOCUMENTATION_COMMENTS = YES;
				CLANG_WARN_EMPTY_BODY = YES;
				CLANG_WARN_ENUM_CONVERSION = YES;
				CLANG_WARN_INFINITE_RECURSION = YES;
				CLANG_WARN_INT_CONVERSION = YES;
				CLANG_WARN_NON_LITERAL_NULL_CONVERSION = YES;
				CLANG_WARN_OBJC_IMPLICIT_RETAIN_SELF = YES;
				CLANG_WARN_OBJC_LITERAL_CONVERSION = YES;
				CLANG_WARN_OBJC_ROOT_CLASS = YES_ERROR;
				CLANG_WARN_QUOTED_INCLUDE_IN_FRAMEWORK_HEADER = YES;
				CLANG_WARN_RANGE_LOOP_ANALYSIS = YES;
				CLANG_WARN_STRICT_PROTOTYPES = YES;
				CLANG_WARN_SUSPICIOUS_MOVE = YES;
				CLANG_WARN_UNGUARDED_AVAILABILITY = YES_AGGRESSIVE;
				CLANG_WARN_UNREACHABLE_CODE = YES;
				CLANG_WARN__DUPLICATE_METHOD_MATCH = YES;
				COPY_PHASE_STRIP = NO;
				DEBUG_INFORMATION_FORMAT = "dwarf-with-dsym";
				ENABLE_NS_ASSERTIONS = NO;
				ENABLE_STRICT_OBJC_MSGSEND = YES;
				GCC_C_LANGUAGE_STANDARD = gnu11;
				GCC_NO_COMMON_BLOCKS = YES;
				GCC_WARN_64_TO_32_BIT_CONVERSION = YES;
				GCC_WARN_ABOUT_RETURN_TYPE = YES_ERROR;
				GCC_WARN_UNDECLARED_SELECTOR = YES;
				GCC_WARN_UNINITIALIZED_AUTOS = YES_AGGRESSIVE;
				GCC_WARN_UNUSED_FUNCTION = YES;
				GCC_WARN_UNUSED_VARIABLE = YES;
				MACOSX_DEPLOYMENT_TARGET = 11.0;
				MTL_ENABLE_DEBUG_INFO = NO;
				MTL_FAST_MATH = YES;
				SDKROOT = macosx;
				SWIFT_COMPILATION_MODE = wholemodule;
				SWIFT_OPTIMIZATION_LEVEL = "-O";
			};
			name = Release;
		};
		6B317EC925ABE19900B2B5A7 /* Debug */ = {
			isa = XCBuildConfiguration;
			buildSettings = {
				CODE_SIGN_STYLE = Automatic;
				PRODUCT_NAME = "$(TARGET_NAME)";
				SWIFT_VERSION = 5.0;
			};
			name = Debug;
		};
		6B317ECA25ABE19900B2B5A7 /* Release */ = {
			isa = XCBuildConfiguration;
			buildSettings = {
				CODE_SIGN_STYLE = Automatic;
				PRODUCT_NAME = "$(TARGET_NAME)";
				SWIFT_VERSION = 5.0;
			};
			name = Release;
		};
/* End XCBuildConfiguration section */

/* Begin XCConfigurationList section */
		6B317EBC25ABE19900B2B5A7 /* Build configuration list for PBXProject "LeetCode" */ = {
			isa = XCConfigurationList;
			buildConfigurations = (
				6B317EC625ABE19900B2B5A7 /* Debug */,
				6B317EC725ABE19900B2B5A7 /* Release */,
			);
			defaultConfigurationIsVisible = 0;
			defaultConfigurationName = Release;
		};
		6B317EC825ABE19900B2B5A7 /* Build configuration list for PBXNativeTarget "LeetCode" */ = {
			isa = XCConfigurationList;
			buildConfigurations = (
				6B317EC925ABE19900B2B5A7 /* Debug */,
				6B317ECA25ABE19900B2B5A7 /* Release */,
			);
			defaultConfigurationIsVisible = 0;
			defaultConfigurationName = Release;
		};
/* End XCConfigurationList section */
	};
	rootObject = 6B317EB925ABE19900B2B5A7 /* Project object */;
}
